
Microsoft Visual Studio Solution File, Format Version 12.00
# Visual Studio Version 17
VisualStudioVersion = 17.8.34316.72
MinimumVisualStudioVersion = 10.0.40219.1
Project("{FAE04EC0-301F-11D3-BF4B-00C04F79EFBC}") = "DeleteAPI_V6", "DeleteAPI_V6\DeleteAPI_V6.csproj", "{AD8B30A5-FEE9-43C7-8080-EF6D0259C656}"
EndProject
Project("{FAE04EC0-301F-11D3-BF4B-00C04F79EFBC}") = "DataProject", "ClassLibrary1\DataProject.csproj", "{87AA7675-895C-4351-8FC6-A70CEE811CC2}"
EndProject
Global
	GlobalSection(SolutionConfigurationPlatforms) = preSolution
		Debug|Any CPU = Debug|Any CPU
		Release|Any CPU = Release|Any CPU
	EndGlobalSection
	GlobalSection(ProjectConfigurationPlatforms) = postSolution
		{AD8B30A5-FEE9-43C7-8080-EF6D0259C656}.Debug|Any CPU.ActiveCfg = Debug|Any CPU
		{AD8B30A5-FEE9-43C7-8080-EF6D0259C656}.Debug|Any CPU.Build.0 = Debug|Any CPU
		{AD8B30A5-FEE9-43C7-8080-EF6D0259C656}.Release|Any CPU.ActiveCfg = Release|Any CPU
		{AD8B30A5-FEE9-43C7-8080-EF6D0259C656}.Release|Any CPU.Build.0 = Release|Any CPU
		{87AA7675-895C-4351-8FC6-A70CEE811CC2}.Debug|Any CPU.ActiveCfg = Debug|Any CPU
		{87AA7675-895C-4351-8FC6-A70CEE811CC2}.Debug|Any CPU.Build.0 = Debug|Any CPU
		{87AA7675-895C-4351-8FC6-A70CEE811CC2}.Release|Any CPU.ActiveCfg = Release|Any CPU
		{87AA7675-895C-4351-8FC6-A70CEE811CC2}.Release|Any CPU.Build.0 = Release|Any CPU
	EndGlobalSection
	GlobalSection(SolutionProperties) = preSolution
		HideSolutionNode = FALSE
	EndGlobalSection
	GlobalSection(ExtensibilityGlobals) = postSolution
		SolutionGuid = {D5353751-25EA-4BF8-AE5C-95CF2C13C8B1}
	EndGlobalSection
EndGlobal
