
Microsoft Visual Studio Solution File, Format Version 12.00
# Visual Studio Version 17
VisualStudioVersion = 17.8.34316.72
MinimumVisualStudioVersion = 10.0.40219.1
Project("{9A19103F-16F7-4668-BE54-9A1E7A4F7556}") = "Demo.API", "Demo.API\Demo.API.csproj", "{7207886D-D012-466B-8E0E-20C5EF492C11}"
EndProject
Project("{9A19103F-16F7-4668-BE54-9A1E7A4F7556}") = "Demo.DataModel", "Demo.DataModel\Demo.DataModel.csproj", "{8E309BC1-7C93-4D48-B886-702A6AD29FFC}"
EndProject
Global
	GlobalSection(SolutionConfigurationPlatforms) = preSolution
		Debug|Any CPU = Debug|Any CPU
		Release|Any CPU = Release|Any CPU
	EndGlobalSection
	GlobalSection(ProjectConfigurationPlatforms) = postSolution
		{7207886D-D012-466B-8E0E-20C5EF492C11}.Debug|Any CPU.ActiveCfg = Debug|Any CPU
		{7207886D-D012-466B-8E0E-20C5EF492C11}.Debug|Any CPU.Build.0 = Debug|Any CPU
		{7207886D-D012-466B-8E0E-20C5EF492C11}.Release|Any CPU.ActiveCfg = Release|Any CPU
		{7207886D-D012-466B-8E0E-20C5EF492C11}.Release|Any CPU.Build.0 = Release|Any CPU
		{8E309BC1-7C93-4D48-B886-702A6AD29FFC}.Debug|Any CPU.ActiveCfg = Debug|Any CPU
		{8E309BC1-7C93-4D48-B886-702A6AD29FFC}.Debug|Any CPU.Build.0 = Debug|Any CPU
		{8E309BC1-7C93-4D48-B886-702A6AD29FFC}.Release|Any CPU.ActiveCfg = Release|Any CPU
		{8E309BC1-7C93-4D48-B886-702A6AD29FFC}.Release|Any CPU.Build.0 = Release|Any CPU
	EndGlobalSection
	GlobalSection(SolutionProperties) = preSolution
		HideSolutionNode = FALSE
	EndGlobalSection
	GlobalSection(ExtensibilityGlobals) = postSolution
		SolutionGuid = {D5353751-25EA-4BF8-AE5C-95CF2C13C8B1}
	EndGlobalSection
EndGlobal
